
Microsoft Visual Studio Solution File, Format Version 12.00
# Visual Studio Version 17
VisualStudioVersion = 17.7.34031.279
MinimumVisualStudioVersion = 10.0.40219.1
Project("{FAE04EC0-301F-11D3-BF4B-00C04F79EFBC}") = "ejercicio7Repaso", "ejercicio7Repaso.csproj", "{8D9993D3-7684-44F3-A65B-6FF78D66C8B6}"
EndProject
Global
	GlobalSection(SolutionConfigurationPlatforms) = preSolution
		Debug|Any CPU = Debug|Any CPU
		Release|Any CPU = Release|Any CPU
	EndGlobalSection
	GlobalSection(ProjectConfigurationPlatforms) = postSolution
		{8D9993D3-7684-44F3-A65B-6FF78D66C8B6}.Debug|Any CPU.ActiveCfg = Debug|Any CPU
		{8D9993D3-7684-44F3-A65B-6FF78D66C8B6}.Debug|Any CPU.Build.0 = Debug|Any CPU
		{8D9993D3-7684-44F3-A65B-6FF78D66C8B6}.Release|Any CPU.ActiveCfg = Release|Any CPU
		{8D9993D3-7684-44F3-A65B-6FF78D66C8B6}.Release|Any CPU.Build.0 = Release|Any CPU
	EndGlobalSection
	GlobalSection(SolutionProperties) = preSolution
		HideSolutionNode = FALSE
	EndGlobalSection
	GlobalSection(ExtensibilityGlobals) = postSolution
		SolutionGuid = {6A7ED0AB-EEE3-4525-B49A-A5EDC7321D3E}
	EndGlobalSection
EndGlobal
